
Microsoft Visual Studio Solution File, Format Version 12.00
# Visual Studio 15
VisualStudioVersion = 15.0.28010.2026
MinimumVisualStudioVersion = 10.0.40219.1
Project("{FAE04EC0-301F-11D3-BF4B-00C04F79EFBC}") = "program1", "program1\program1.csproj", "{0E06CE8F-C09D-40E7-9868-DB713D5B788D}"
EndProject
Global
	GlobalSection(SolutionConfigurationPlatforms) = preSolution
		Debug|Any CPU = Debug|Any CPU
		Release|Any CPU = Release|Any CPU
	EndGlobalSection
	GlobalSection(ProjectConfigurationPlatforms) = postSolution
		{0E06CE8F-C09D-40E7-9868-DB713D5B788D}.Debug|Any CPU.ActiveCfg = Debug|Any CPU
		{0E06CE8F-C09D-40E7-9868-DB713D5B788D}.Debug|Any CPU.Build.0 = Debug|Any CPU
		{0E06CE8F-C09D-40E7-9868-DB713D5B788D}.Release|Any CPU.ActiveCfg = Release|Any CPU
		{0E06CE8F-C09D-40E7-9868-DB713D5B788D}.Release|Any CPU.Build.0 = Release|Any CPU
	EndGlobalSection
	GlobalSection(SolutionProperties) = preSolution
		HideSolutionNode = FALSE
	EndGlobalSection
	GlobalSection(ExtensibilityGlobals) = postSolution
		SolutionGuid = {5BBC8D3B-BE52-44BD-851A-E887B782180B}
	EndGlobalSection
EndGlobal
