
Microsoft Visual Studio Solution File, Format Version 12.00
# Visual Studio 15
VisualStudioVersion = 15.0.28010.2019
MinimumVisualStudioVersion = 10.0.40219.1
Project("{FAE04EC0-301F-11D3-BF4B-00C04F79EFBC}") = "program1", "program1\program1.csproj", "{FB00404C-3EDB-4CC3-8620-E423F0EBACBC}"
EndProject
Global
	GlobalSection(SolutionConfigurationPlatforms) = preSolution
		Debug|Any CPU = Debug|Any CPU
		Release|Any CPU = Release|Any CPU
	EndGlobalSection
	GlobalSection(ProjectConfigurationPlatforms) = postSolution
		{FB00404C-3EDB-4CC3-8620-E423F0EBACBC}.Debug|Any CPU.ActiveCfg = Debug|Any CPU
		{FB00404C-3EDB-4CC3-8620-E423F0EBACBC}.Debug|Any CPU.Build.0 = Debug|Any CPU
		{FB00404C-3EDB-4CC3-8620-E423F0EBACBC}.Release|Any CPU.ActiveCfg = Release|Any CPU
		{FB00404C-3EDB-4CC3-8620-E423F0EBACBC}.Release|Any CPU.Build.0 = Release|Any CPU
	EndGlobalSection
	GlobalSection(SolutionProperties) = preSolution
		HideSolutionNode = FALSE
	EndGlobalSection
	GlobalSection(ExtensibilityGlobals) = postSolution
		SolutionGuid = {6C71F4D7-2723-423B-9481-9B028B66340E}
	EndGlobalSection
EndGlobal
