
Microsoft Visual Studio Solution File, Format Version 12.00
# Visual Studio 15
VisualStudioVersion = 15.0.28010.2026
MinimumVisualStudioVersion = 10.0.40219.1
Project("{FAE04EC0-301F-11D3-BF4B-00C04F79EFBC}") = "program1", "program1\program1.csproj", "{068C50A6-D5D8-4DFF-9EEC-CB1DF7628DBC}"
EndProject
Global
	GlobalSection(SolutionConfigurationPlatforms) = preSolution
		Debug|Any CPU = Debug|Any CPU
		Release|Any CPU = Release|Any CPU
	EndGlobalSection
	GlobalSection(ProjectConfigurationPlatforms) = postSolution
		{068C50A6-D5D8-4DFF-9EEC-CB1DF7628DBC}.Debug|Any CPU.ActiveCfg = Debug|Any CPU
		{068C50A6-D5D8-4DFF-9EEC-CB1DF7628DBC}.Debug|Any CPU.Build.0 = Debug|Any CPU
		{068C50A6-D5D8-4DFF-9EEC-CB1DF7628DBC}.Release|Any CPU.ActiveCfg = Release|Any CPU
		{068C50A6-D5D8-4DFF-9EEC-CB1DF7628DBC}.Release|Any CPU.Build.0 = Release|Any CPU
	EndGlobalSection
	GlobalSection(SolutionProperties) = preSolution
		HideSolutionNode = FALSE
	EndGlobalSection
	GlobalSection(ExtensibilityGlobals) = postSolution
		SolutionGuid = {C0AF6BE6-DD10-450E-8EC8-CB9F4C523458}
	EndGlobalSection
EndGlobal
